Microsoft Visual Studio Solution File, Format Version 12.00
# Visual Studio 15
VisualStudioVersion = 15.0.27130.2010
MinimumVisualStudioVersion = 15.0.26124.0
Project("{9A19103F-16F7-4668-BE54-9A1E7A4F7556}") = "Benchmarks", "Benchmarks\Benchmarks.csproj", "{23A98424-CEC7-4B3C-8D10-B8BFF7C8CA17}"
EndProject
Project("{9A19103F-16F7-4668-BE54-9A1E7A4F7556}") = "Tests", "Tests\Tests.csproj", "{C83F717B-CC69-45EB-B2BB-9FCF4AE7A2E1}"
EndProject
Project("{9A19103F-16F7-4668-BE54-9A1E7A4F7556}") = "Sprog", "Sprog\Sprog.csproj", "{953E6561-F46E-4824-8A32-B4A138764B90}"
EndProject
Global
	GlobalSection(SolutionConfigurationPlatforms) = preSolution
		Debug|Any CPU = Debug|Any CPU
		Debug|x64 = Debug|x64
		Debug|x86 = Debug|x86
		Release|Any CPU = Release|Any CPU
		Release|x64 = Release|x64
		Release|x86 = Release|x86
	EndGlobalSection
	GlobalSection(ProjectConfigurationPlatforms) = postSolution
		{23A98424-CEC7-4B3C-8D10-B8BFF7C8CA17}.Debug|Any CPU.ActiveCfg = Debug|Any CPU
		{23A98424-CEC7-4B3C-8D10-B8BFF7C8CA17}.Debug|Any CPU.Build.0 = Debug|Any CPU
		{23A98424-CEC7-4B3C-8D10-B8BFF7C8CA17}.Debug|x64.ActiveCfg = Debug|Any CPU
		{23A98424-CEC7-4B3C-8D10-B8BFF7C8CA17}.Debug|x64.Build.0 = Debug|Any CPU
		{23A98424-CEC7-4B3C-8D10-B8BFF7C8CA17}.Debug|x86.ActiveCfg = Debug|Any CPU
		{23A98424-CEC7-4B3C-8D10-B8BFF7C8CA17}.Debug|x86.Build.0 = Debug|Any CPU
		{23A98424-CEC7-4B3C-8D10-B8BFF7C8CA17}.Release|Any CPU.ActiveCfg = Release|Any CPU
		{23A98424-CEC7-4B3C-8D10-B8BFF7C8CA17}.Release|Any CPU.Build.0 = Release|Any CPU
		{23A98424-CEC7-4B3C-8D10-B8BFF7C8CA17}.Release|x64.ActiveCfg = Release|Any CPU
		{23A98424-CEC7-4B3C-8D10-B8BFF7C8CA17}.Release|x64.Build.0 = Release|Any CPU
		{23A98424-CEC7-4B3C-8D10-B8BFF7C8CA17}.Release|x86.ActiveCfg = Release|Any CPU
		{23A98424-CEC7-4B3C-8D10-B8BFF7C8CA17}.Release|x86.Build.0 = Release|Any CPU
		{C83F717B-CC69-45EB-B2BB-9FCF4AE7A2E1}.Debug|Any CPU.ActiveCfg = Debug|Any CPU
		{C83F717B-CC69-45EB-B2BB-9FCF4AE7A2E1}.Debug|Any CPU.Build.0 = Debug|Any CPU
		{C83F717B-CC69-45EB-B2BB-9FCF4AE7A2E1}.Debug|x64.ActiveCfg = Debug|Any CPU
		{C83F717B-CC69-45EB-B2BB-9FCF4AE7A2E1}.Debug|x64.Build.0 = Debug|Any CPU
		{C83F717B-CC69-45EB-B2BB-9FCF4AE7A2E1}.Debug|x86.ActiveCfg = Debug|Any CPU
		{C83F717B-CC69-45EB-B2BB-9FCF4AE7A2E1}.Debug|x86.Build.0 = Debug|Any CPU
		{C83F717B-CC69-45EB-B2BB-9FCF4AE7A2E1}.Release|Any CPU.ActiveCfg = Release|Any CPU
		{C83F717B-CC69-45EB-B2BB-9FCF4AE7A2E1}.Release|Any CPU.Build.0 = Release|Any CPU
		{C83F717B-CC69-45EB-B2BB-9FCF4AE7A2E1}.Release|x64.ActiveCfg = Release|Any CPU
		{C83F717B-CC69-45EB-B2BB-9FCF4AE7A2E1}.Release|x64.Build.0 = Release|Any CPU
		{C83F717B-CC69-45EB-B2BB-9FCF4AE7A2E1}.Release|x86.ActiveCfg = Release|Any CPU
		{C83F717B-CC69-45EB-B2BB-9FCF4AE7A2E1}.Release|x86.Build.0 = Release|Any CPU
		{953E6561-F46E-4824-8A32-B4A138764B90}.Debug|Any CPU.ActiveCfg = Debug|Any CPU
		{953E6561-F46E-4824-8A32-B4A138764B90}.Debug|Any CPU.Build.0 = Debug|Any CPU
		{953E6561-F46E-4824-8A32-B4A138764B90}.Debug|x64.ActiveCfg = Debug|Any CPU
		{953E6561-F46E-4824-8A32-B4A138764B90}.Debug|x64.Build.0 = Debug|Any CPU
		{953E6561-F46E-4824-8A32-B4A138764B90}.Debug|x86.ActiveCfg = Debug|Any CPU
		{953E6561-F46E-4824-8A32-B4A138764B90}.Debug|x86.Build.0 = Debug|Any CPU
		{953E6561-F46E-4824-8A32-B4A138764B90}.Release|Any CPU.ActiveCfg = Release|Any CPU
		{953E6561-F46E-4824-8A32-B4A138764B90}.Release|Any CPU.Build.0 = Release|Any CPU
		{953E6561-F46E-4824-8A32-B4A138764B90}.Release|x64.ActiveCfg = Release|Any CPU
		{953E6561-F46E-4824-8A32-B4A138764B90}.Release|x64.Build.0 = Release|Any CPU
		{953E6561-F46E-4824-8A32-B4A138764B90}.Release|x86.ActiveCfg = Release|Any CPU
		{953E6561-F46E-4824-8A32-B4A138764B90}.Release|x86.Build.0 = Release|Any CPU
	EndGlobalSection
	GlobalSection(SolutionProperties) = preSolution
		HideSolutionNode = FALSE
	EndGlobalSection
	GlobalSection(ExtensibilityGlobals) = postSolution
		SolutionGuid = {FCBE53AE-1A15-4680-A531-933F42599159}
	EndGlobalSection
EndGlobal
